
Microsoft Visual Studio Solution File, Format Version 12.00
# Visual Studio 15
VisualStudioVersion = 15.0.27130.2003
MinimumVisualStudioVersion = 10.0.40219.1
Project("{FAE04EC0-301F-11D3-BF4B-00C04F79EFBC}") = "TestDispoActors", "TestDispoActors\TestDispoActors.csproj", "{BBBF0DE1-8D7C-4262-94F6-F1C0922571C2}"
EndProject
Global
	GlobalSection(SolutionConfigurationPlatforms) = preSolution
		Debug|Any CPU = Debug|Any CPU
		Release|Any CPU = Release|Any CPU
	EndGlobalSection
	GlobalSection(ProjectConfigurationPlatforms) = postSolution
		{BBBF0DE1-8D7C-4262-94F6-F1C0922571C2}.Debug|Any CPU.ActiveCfg = Debug|Any CPU
		{BBBF0DE1-8D7C-4262-94F6-F1C0922571C2}.Debug|Any CPU.Build.0 = Debug|Any CPU
		{BBBF0DE1-8D7C-4262-94F6-F1C0922571C2}.Release|Any CPU.ActiveCfg = Release|Any CPU
		{BBBF0DE1-8D7C-4262-94F6-F1C0922571C2}.Release|Any CPU.Build.0 = Release|Any CPU
	EndGlobalSection
	GlobalSection(SolutionProperties) = preSolution
		HideSolutionNode = FALSE
	EndGlobalSection
	GlobalSection(ExtensibilityGlobals) = postSolution
		SolutionGuid = {20D36948-3E27-43CF-B891-07D59866E930}
	EndGlobalSection
EndGlobal
